
Microsoft Visual Studio Solution File, Format Version 12.00
# Visual Studio Version 17
VisualStudioVersion = 17.2.32526.322
MinimumVisualStudioVersion = 10.0.40219.1
Project("{FAE04EC0-301F-11D3-BF4B-00C04F79EFBC}") = "LargestWinsFromChaos", "LargestWinsFromChaos\LargestWinsFromChaos.csproj", "{49646179-85BD-481F-AB0D-0DE7BC53EF4E}"
EndProject
Project("{FAE04EC0-301F-11D3-BF4B-00C04F79EFBC}") = "SimpleBooleanExpression", "SimpleBooleanExpression\SimpleBooleanExpression.csproj", "{8A5BC881-C650-4833-9377-BAA0DA33F1C7}"
EndProject
Project("{FAE04EC0-301F-11D3-BF4B-00C04F79EFBC}") = "MoveTowardsZero", "MoveTowardsZero\MoveTowardsZero.csproj", "{77B73DFB-6E71-4CC3-BAFC-FEA0E7685303}"
EndProject
Project("{FAE04EC0-301F-11D3-BF4B-00C04F79EFBC}") = "StringParser", "StringParser\StringParser.csproj", "{A41D5509-185C-489D-93CC-E13C33EB5D0E}"
EndProject
Project("{FAE04EC0-301F-11D3-BF4B-00C04F79EFBC}") = "EnveloppesRouges", "EnveloppesRouges\EnveloppesRouges.csproj", "{FD7C429B-5F5B-4C3E-AEE4-6E2DF6160322}"
EndProject
Global
	GlobalSection(SolutionConfigurationPlatforms) = preSolution
		Debug|Any CPU = Debug|Any CPU
		Release|Any CPU = Release|Any CPU
	EndGlobalSection
	GlobalSection(ProjectConfigurationPlatforms) = postSolution
		{49646179-85BD-481F-AB0D-0DE7BC53EF4E}.Debug|Any CPU.ActiveCfg = Debug|Any CPU
		{49646179-85BD-481F-AB0D-0DE7BC53EF4E}.Debug|Any CPU.Build.0 = Debug|Any CPU
		{49646179-85BD-481F-AB0D-0DE7BC53EF4E}.Release|Any CPU.ActiveCfg = Release|Any CPU
		{49646179-85BD-481F-AB0D-0DE7BC53EF4E}.Release|Any CPU.Build.0 = Release|Any CPU
		{8A5BC881-C650-4833-9377-BAA0DA33F1C7}.Debug|Any CPU.ActiveCfg = Debug|Any CPU
		{8A5BC881-C650-4833-9377-BAA0DA33F1C7}.Debug|Any CPU.Build.0 = Debug|Any CPU
		{8A5BC881-C650-4833-9377-BAA0DA33F1C7}.Release|Any CPU.ActiveCfg = Release|Any CPU
		{8A5BC881-C650-4833-9377-BAA0DA33F1C7}.Release|Any CPU.Build.0 = Release|Any CPU
		{77B73DFB-6E71-4CC3-BAFC-FEA0E7685303}.Debug|Any CPU.ActiveCfg = Debug|Any CPU
		{77B73DFB-6E71-4CC3-BAFC-FEA0E7685303}.Debug|Any CPU.Build.0 = Debug|Any CPU
		{77B73DFB-6E71-4CC3-BAFC-FEA0E7685303}.Release|Any CPU.ActiveCfg = Release|Any CPU
		{77B73DFB-6E71-4CC3-BAFC-FEA0E7685303}.Release|Any CPU.Build.0 = Release|Any CPU
		{A41D5509-185C-489D-93CC-E13C33EB5D0E}.Debug|Any CPU.ActiveCfg = Debug|Any CPU
		{A41D5509-185C-489D-93CC-E13C33EB5D0E}.Debug|Any CPU.Build.0 = Debug|Any CPU
		{A41D5509-185C-489D-93CC-E13C33EB5D0E}.Release|Any CPU.ActiveCfg = Release|Any CPU
		{A41D5509-185C-489D-93CC-E13C33EB5D0E}.Release|Any CPU.Build.0 = Release|Any CPU
		{FD7C429B-5F5B-4C3E-AEE4-6E2DF6160322}.Debug|Any CPU.ActiveCfg = Debug|Any CPU
		{FD7C429B-5F5B-4C3E-AEE4-6E2DF6160322}.Debug|Any CPU.Build.0 = Debug|Any CPU
		{FD7C429B-5F5B-4C3E-AEE4-6E2DF6160322}.Release|Any CPU.ActiveCfg = Release|Any CPU
		{FD7C429B-5F5B-4C3E-AEE4-6E2DF6160322}.Release|Any CPU.Build.0 = Release|Any CPU
	EndGlobalSection
	GlobalSection(SolutionProperties) = preSolution
		HideSolutionNode = FALSE
	EndGlobalSection
	GlobalSection(ExtensibilityGlobals) = postSolution
		SolutionGuid = {54241D6E-5D31-4D88-9A96-B09C5689DFBD}
	EndGlobalSection
EndGlobal
